
Microsoft Visual Studio Solution File, Format Version 12.00
# Visual Studio Version 16
VisualStudioVersion = 25.0.1704.4
MinimumVisualStudioVersion = 10.0.40219.1
Project("{FAE04EC0-301F-11D3-BF4B-00C04F79EFBC}") = "ChuckNorrisASP.NET", "ChuckNorrisASP.NET\ChuckNorrisASP.NET.csproj", "{025009FC-C7A4-408D-AB20-C0D57092F99A}"
EndProject
Global
	GlobalSection(SolutionConfigurationPlatforms) = preSolution
		Debug|Any CPU = Debug|Any CPU
		Release|Any CPU = Release|Any CPU
	EndGlobalSection
	GlobalSection(ProjectConfigurationPlatforms) = postSolution
		{025009FC-C7A4-408D-AB20-C0D57092F99A}.Debug|Any CPU.ActiveCfg = Debug|Any CPU
		{025009FC-C7A4-408D-AB20-C0D57092F99A}.Debug|Any CPU.Build.0 = Debug|Any CPU
		{025009FC-C7A4-408D-AB20-C0D57092F99A}.Release|Any CPU.ActiveCfg = Release|Any CPU
		{025009FC-C7A4-408D-AB20-C0D57092F99A}.Release|Any CPU.Build.0 = Release|Any CPU
	EndGlobalSection
	GlobalSection(SolutionProperties) = preSolution
		HideSolutionNode = FALSE
	EndGlobalSection
	GlobalSection(ExtensibilityGlobals) = postSolution
		SolutionGuid = {64B01296-D484-487B-A906-1071EC403467}
	EndGlobalSection
EndGlobal
